// !$*UTF8*$!
{
	archiveVersion = 1;
	classes = {
	};
	objectVersion = 50;
	objects = {

/* Begin PBXBuildFile section */
		AC295DBF2531AC5D00D7BA6A /* AssaultRifles.swift in Sources */ = {isa = PBXBuildFile; fileRef = AC295DBE2531AC5D00D7BA6A /* AssaultRifles.swift */; };
		AC47353A253449A00063594C /* TacticalAndLethal.swift in Sources */ = {isa = PBXBuildFile; fileRef = AC473539253449A00063594C /* TacticalAndLethal.swift */; };
		AC47353D25344E860063594C /* TacticalCollectionViewCell.swift in Sources */ = {isa = PBXBuildFile; fileRef = AC47353B25344E860063594C /* TacticalCollectionViewCell.swift */; };
		AC47353E25344E860063594C /* TacticalCollectionViewCell.xib in Resources */ = {isa = PBXBuildFile; fileRef = AC47353C25344E860063594C /* TacticalCollectionViewCell.xib */; };
		AC47354025346E0F0063594C /* Handguns.swift in Sources */ = {isa = PBXBuildFile; fileRef = AC47353F25346E0F0063594C /* Handguns.swift */; };
		AC595773253329C300C3D395 /* Loadout.swift in Sources */ = {isa = PBXBuildFile; fileRef = AC595772253329C300C3D395 /* Loadout.swift */; };
		ACA410C4253208AA00D0A7FC /* Perks.swift in Sources */ = {isa = PBXBuildFile; fileRef = ACA410C3253208AA00D0A7FC /* Perks.swift */; };
		ACA410C6253208B900D0A7FC /* SMGs.swift in Sources */ = {isa = PBXBuildFile; fileRef = ACA410C5253208B900D0A7FC /* SMGs.swift */; };
		ACA410C8253208D000D0A7FC /* Shotguns.swift in Sources */ = {isa = PBXBuildFile; fileRef = ACA410C7253208D000D0A7FC /* Shotguns.swift */; };
		ACA410CA253208E500D0A7FC /* LMGs.swift in Sources */ = {isa = PBXBuildFile; fileRef = ACA410C9253208E500D0A7FC /* LMGs.swift */; };
		ACA410CC253208F100D0A7FC /* MarksmanRifles.swift in Sources */ = {isa = PBXBuildFile; fileRef = ACA410CB253208F100D0A7FC /* MarksmanRifles.swift */; };
		ACA410CE253208FB00D0A7FC /* SniperRifles.swift in Sources */ = {isa = PBXBuildFile; fileRef = ACA410CD253208FB00D0A7FC /* SniperRifles.swift */; };
		ACA410D02532090600D0A7FC /* Melees.swift in Sources */ = {isa = PBXBuildFile; fileRef = ACA410CF2532090600D0A7FC /* Melees.swift */; };
		ACA5E9E325309D80003A9070 /* AppDelegate.swift in Sources */ = {isa = PBXBuildFile; fileRef = ACA5E9E225309D80003A9070 /* AppDelegate.swift */; };
		ACA5E9E525309D80003A9070 /* SceneDelegate.swift in Sources */ = {isa = PBXBuildFile; fileRef = ACA5E9E425309D80003A9070 /* SceneDelegate.swift */; };
		ACA5E9E725309D80003A9070 /* ViewController.swift in Sources */ = {isa = PBXBuildFile; fileRef = ACA5E9E625309D80003A9070 /* ViewController.swift */; };
		ACA5E9EA25309D80003A9070 /* Main.storyboard in Resources */ = {isa = PBXBuildFile; fileRef = ACA5E9E825309D80003A9070 /* Main.storyboard */; };
		ACA5E9ED25309D80003A9070 /* RandomWarzone.xcdatamodeld in Sources */ = {isa = PBXBuildFile; fileRef = ACA5E9EB25309D80003A9070 /* RandomWarzone.xcdatamodeld */; };
		ACA5E9EF25309D86003A9070 /* Assets.xcassets in Resources */ = {isa = PBXBuildFile; fileRef = ACA5E9EE25309D86003A9070 /* Assets.xcassets */; };
		ACA5E9F225309D86003A9070 /* LaunchScreen.storyboard in Resources */ = {isa = PBXBuildFile; fileRef = ACA5E9F025309D86003A9070 /* LaunchScreen.storyboard */; };
		ACA5E9FA2530B7EC003A9070 /* GameCollectionViewController.swift in Sources */ = {isa = PBXBuildFile; fileRef = ACA5E9F92530B7EC003A9070 /* GameCollectionViewController.swift */; };
		ACA5EA012530B8E6003A9070 /* WeaponCollectionViewCell.swift in Sources */ = {isa = PBXBuildFile; fileRef = ACA5E9FF2530B8E6003A9070 /* WeaponCollectionViewCell.swift */; };
		ACA5EA022530B8E6003A9070 /* WeaponCollectionViewCell.xib in Resources */ = {isa = PBXBuildFile; fileRef = ACA5EA002530B8E6003A9070 /* WeaponCollectionViewCell.xib */; };
		ACA5EA052530B907003A9070 /* PerksCollectionViewCell.swift in Sources */ = {isa = PBXBuildFile; fileRef = ACA5EA032530B907003A9070 /* PerksCollectionViewCell.swift */; };
		ACA5EA062530B907003A9070 /* PerksCollectionViewCell.xib in Resources */ = {isa = PBXBuildFile; fileRef = ACA5EA042530B907003A9070 /* PerksCollectionViewCell.xib */; };
		ACA5EA092530B94A003A9070 /* LethalCollectionViewCell.swift in Sources */ = {isa = PBXBuildFile; fileRef = ACA5EA072530B94A003A9070 /* LethalCollectionViewCell.swift */; };
		ACA5EA0A2530B94A003A9070 /* LethalCollectionViewCell.xib in Resources */ = {isa = PBXBuildFile; fileRef = ACA5EA082530B94A003A9070 /* LethalCollectionViewCell.xib */; };
		ACA5EA0D2530BF67003A9070 /* attachmentCollectionViewCell.swift in Sources */ = {isa = PBXBuildFile; fileRef = ACA5EA0B2530BF67003A9070 /* attachmentCollectionViewCell.swift */; };
		ACA5EA0E2530BF67003A9070 /* attachmentCollectionViewCell.xib in Resources */ = {isa = PBXBuildFile; fileRef = ACA5EA0C2530BF67003A9070 /* attachmentCollectionViewCell.xib */; };
/* End PBXBuildFile section */

/* Begin PBXFileReference section */
		AC295DBE2531AC5D00D7BA6A /* AssaultRifles.swift */ = {isa = PBXFileReference; lastKnownFileType = sourcecode.swift; path = AssaultRifles.swift; sourceTree = "<group>"; };
		AC473539253449A00063594C /* TacticalAndLethal.swift */ = {isa = PBXFileReference; lastKnownFileType = sourcecode.swift; path = TacticalAndLethal.swift; sourceTree = "<group>"; };
		AC47353B25344E860063594C /* TacticalCollectionViewCell.swift */ = {isa = PBXFileReference; lastKnownFileType = sourcecode.swift; path = TacticalCollectionViewCell.swift; sourceTree = "<group>"; };
		AC47353C25344E860063594C /* TacticalCollectionViewCell.xib */ = {isa = PBXFileReference; lastKnownFileType = file.xib; path = TacticalCollectionViewCell.xib; sourceTree = "<group>"; };
		AC47353F25346E0F0063594C /* Handguns.swift */ = {isa = PBXFileReference; lastKnownFileType = sourcecode.swift; path = Handguns.swift; sourceTree = "<group>"; };
		AC595772253329C300C3D395 /* Loadout.swift */ = {isa = PBXFileReference; lastKnownFileType = sourcecode.swift; path = Loadout.swift; sourceTree = "<group>"; };
		ACA410C3253208AA00D0A7FC /* Perks.swift */ = {isa = PBXFileReference; lastKnownFileType = sourcecode.swift; path = Perks.swift; sourceTree = "<group>"; };
		ACA410C5253208B900D0A7FC /* SMGs.swift */ = {isa = PBXFileReference; lastKnownFileType = sourcecode.swift; path = SMGs.swift; sourceTree = "<group>"; };
		ACA410C7253208D000D0A7FC /* Shotguns.swift */ = {isa = PBXFileReference; lastKnownFileType = sourcecode.swift; path = Shotguns.swift; sourceTree = "<group>"; };
		ACA410C9253208E500D0A7FC /* LMGs.swift */ = {isa = PBXFileReference; lastKnownFileType = sourcecode.swift; path = LMGs.swift; sourceTree = "<group>"; };
		ACA410CB253208F100D0A7FC /* MarksmanRifles.swift */ = {isa = PBXFileReference; lastKnownFileType = sourcecode.swift; path = MarksmanRifles.swift; sourceTree = "<group>"; };
		ACA410CD253208FB00D0A7FC /* SniperRifles.swift */ = {isa = PBXFileReference; lastKnownFileType = sourcecode.swift; path = SniperRifles.swift; sourceTree = "<group>"; };
		ACA410CF2532090600D0A7FC /* Melees.swift */ = {isa = PBXFileReference; lastKnownFileType = sourcecode.swift; path = Melees.swift; sourceTree = "<group>"; };
		ACA5E9DF25309D80003A9070 /* RandomWarzone.app */ = {isa = PBXFileReference; explicitFileType = wrapper.application; includeInIndex = 0; path = RandomWarzone.app; sourceTree = BUILT_PRODUCTS_DIR; };
		ACA5E9E225309D80003A9070 /* AppDelegate.swift */ = {isa = PBXFileReference; lastKnownFileType = sourcecode.swift; path = AppDelegate.swift; sourceTree = "<group>"; };
		ACA5E9E425309D80003A9070 /* SceneDelegate.swift */ = {isa = PBXFileReference; lastKnownFileType = sourcecode.swift; path = SceneDelegate.swift; sourceTree = "<group>"; };
		ACA5E9E625309D80003A9070 /* ViewController.swift */ = {isa = PBXFileReference; lastKnownFileType = sourcecode.swift; path = ViewController.swift; sourceTree = "<group>"; };
		ACA5E9E925309D80003A9070 /* Base */ = {isa = PBXFileReference; lastKnownFileType = file.storyboard; name = Base; path = Base.lproj/Main.storyboard; sourceTree = "<group>"; };
		ACA5E9EC25309D80003A9070 /* RandomWarzone.xcdatamodel */ = {isa = PBXFileReference; lastKnownFileType = wrapper.xcdatamodel; path = RandomWarzone.xcdatamodel; sourceTree = "<group>"; };
		ACA5E9EE25309D86003A9070 /* Assets.xcassets */ = {isa = PBXFileReference; lastKnownFileType = folder.assetcatalog; path = Assets.xcassets; sourceTree = "<group>"; };
		ACA5E9F125309D86003A9070 /* Base */ = {isa = PBXFileReference; lastKnownFileType = file.storyboard; name = Base; path = Base.lproj/LaunchScreen.storyboard; sourceTree = "<group>"; };
		ACA5E9F325309D86003A9070 /* Info.plist */ = {isa = PBXFileReference; lastKnownFileType = text.plist.xml; path = Info.plist; sourceTree = "<group>"; };
		ACA5E9F92530B7EC003A9070 /* GameCollectionViewController.swift */ = {isa = PBXFileReference; lastKnownFileType = sourcecode.swift; path = GameCollectionViewController.swift; sourceTree = "<group>"; };
		ACA5E9FF2530B8E6003A9070 /* WeaponCollectionViewCell.swift */ = {isa = PBXFileReference; lastKnownFileType = sourcecode.swift; path = WeaponCollectionViewCell.swift; sourceTree = "<group>"; };
		ACA5EA002530B8E6003A9070 /* WeaponCollectionViewCell.xib */ = {isa = PBXFileReference; lastKnownFileType = file.xib; path = WeaponCollectionViewCell.xib; sourceTree = "<group>"; };
		ACA5EA032530B907003A9070 /* PerksCollectionViewCell.swift */ = {isa = PBXFileReference; lastKnownFileType = sourcecode.swift; path = PerksCollectionViewCell.swift; sourceTree = "<group>"; };
		ACA5EA042530B907003A9070 /* PerksCollectionViewCell.xib */ = {isa = PBXFileReference; lastKnownFileType = file.xib; path = PerksCollectionViewCell.xib; sourceTree = "<group>"; };
		ACA5EA072530B94A003A9070 /* LethalCollectionViewCell.swift */ = {isa = PBXFileReference; lastKnownFileType = sourcecode.swift; path = LethalCollectionViewCell.swift; sourceTree = "<group>"; };
		ACA5EA082530B94A003A9070 /* LethalCollectionViewCell.xib */ = {isa = PBXFileReference; lastKnownFileType = file.xib; path = LethalCollectionViewCell.xib; sourceTree = "<group>"; };
		ACA5EA0B2530BF67003A9070 /* attachmentCollectionViewCell.swift */ = {isa = PBXFileReference; lastKnownFileType = sourcecode.swift; path = attachmentCollectionViewCell.swift; sourceTree = "<group>"; };
		ACA5EA0C2530BF67003A9070 /* attachmentCollectionViewCell.xib */ = {isa = PBXFileReference; lastKnownFileType = file.xib; path = attachmentCollectionViewCell.xib; sourceTree = "<group>"; };
/* End PBXFileReference section */

/* Begin PBXFrameworksBuildPhase section */
		ACA5E9DC25309D80003A9070 /* Frameworks */ = {
			isa = PBXFrameworksBuildPhase;
			buildActionMask = 2147483647;
			files = (
			);
			runOnlyForDeploymentPostprocessing = 0;
		};
/* End PBXFrameworksBuildPhase section */

/* Begin PBXGroup section */
		AC295DBB2531AA4A00D7BA6A /* Controllers */ = {
			isa = PBXGroup;
			children = (
				ACA5E9F92530B7EC003A9070 /* GameCollectionViewController.swift */,
				ACA5E9E625309D80003A9070 /* ViewController.swift */,
			);
			path = Controllers;
			sourceTree = "<group>";
		};
		AC295DBC2531AA6100D7BA6A /* Cells */ = {
			isa = PBXGroup;
			children = (
				ACA5E9FF2530B8E6003A9070 /* WeaponCollectionViewCell.swift */,
				ACA5EA002530B8E6003A9070 /* WeaponCollectionViewCell.xib */,
				ACA5EA032530B907003A9070 /* PerksCollectionViewCell.swift */,
				ACA5EA042530B907003A9070 /* PerksCollectionViewCell.xib */,
				ACA5EA072530B94A003A9070 /* LethalCollectionViewCell.swift */,
				ACA5EA082530B94A003A9070 /* LethalCollectionViewCell.xib */,
				ACA5EA0B2530BF67003A9070 /* attachmentCollectionViewCell.swift */,
				ACA5EA0C2530BF67003A9070 /* attachmentCollectionViewCell.xib */,
				AC47353B25344E860063594C /* TacticalCollectionViewCell.swift */,
				AC47353C25344E860063594C /* TacticalCollectionViewCell.xib */,
			);
			path = Cells;
			sourceTree = "<group>";
		};
		AC295DBD2531AC3D00D7BA6A /* DataObjects */ = {
			isa = PBXGroup;
			children = (
				AC5957712533283F00C3D395 /* Loadout */,
				ACA410D32532092600D0A7FC /* TacticalAndLethal */,
				ACA410D22532091C00D0A7FC /* Perks */,
				ACA410D12532090C00D0A7FC /* Weapons */,
			);
			path = DataObjects;
			sourceTree = "<group>";
		};
		AC5957712533283F00C3D395 /* Loadout */ = {
			isa = PBXGroup;
			children = (
				AC595772253329C300C3D395 /* Loadout.swift */,
			);
			path = Loadout;
			sourceTree = "<group>";
		};
		ACA410D12532090C00D0A7FC /* Weapons */ = {
			isa = PBXGroup;
			children = (
				AC295DBE2531AC5D00D7BA6A /* AssaultRifles.swift */,
				ACA410C5253208B900D0A7FC /* SMGs.swift */,
				ACA410C7253208D000D0A7FC /* Shotguns.swift */,
				ACA410C9253208E500D0A7FC /* LMGs.swift */,
				ACA410CB253208F100D0A7FC /* MarksmanRifles.swift */,
				ACA410CD253208FB00D0A7FC /* SniperRifles.swift */,
				ACA410CF2532090600D0A7FC /* Melees.swift */,
				AC47353F25346E0F0063594C /* Handguns.swift */,
			);
			path = Weapons;
			sourceTree = "<group>";
		};
		ACA410D22532091C00D0A7FC /* Perks */ = {
			isa = PBXGroup;
			children = (
				ACA410C3253208AA00D0A7FC /* Perks.swift */,
			);
			path = Perks;
			sourceTree = "<group>";
		};
		ACA410D32532092600D0A7FC /* TacticalAndLethal */ = {
			isa = PBXGroup;
			children = (
				AC473539253449A00063594C /* TacticalAndLethal.swift */,
			);
			path = TacticalAndLethal;
			sourceTree = "<group>";
		};
		ACA5E9D625309D80003A9070 = {
			isa = PBXGroup;
			children = (
				ACA5E9E125309D80003A9070 /* RandomWarzone */,
				ACA5E9E025309D80003A9070 /* Products */,
			);
			sourceTree = "<group>";
		};
		ACA5E9E025309D80003A9070 /* Products */ = {
			isa = PBXGroup;
			children = (
				ACA5E9DF25309D80003A9070 /* RandomWarzone.app */,
			);
			name = Products;
			sourceTree = "<group>";
		};
		ACA5E9E125309D80003A9070 /* RandomWarzone */ = {
			isa = PBXGroup;
			children = (
				AC295DBD2531AC3D00D7BA6A /* DataObjects */,
				AC295DBC2531AA6100D7BA6A /* Cells */,
				AC295DBB2531AA4A00D7BA6A /* Controllers */,
				ACA5E9E225309D80003A9070 /* AppDelegate.swift */,
				ACA5E9E425309D80003A9070 /* SceneDelegate.swift */,
				ACA5E9E825309D80003A9070 /* Main.storyboard */,
				ACA5E9EE25309D86003A9070 /* Assets.xcassets */,
				ACA5E9F025309D86003A9070 /* LaunchScreen.storyboard */,
				ACA5E9F325309D86003A9070 /* Info.plist */,
				ACA5E9EB25309D80003A9070 /* RandomWarzone.xcdatamodeld */,
			);
			path = RandomWarzone;
			sourceTree = "<group>";
		};
/* End PBXGroup section */

/* Begin PBXNativeTarget section */
		ACA5E9DE25309D80003A9070 /* RandomWarzone */ = {
			isa = PBXNativeTarget;
			buildConfigurationList = ACA5E9F625309D86003A9070 /* Build configuration list for PBXNativeTarget "RandomWarzone" */;
			buildPhases = (
				ACA5E9DB25309D80003A9070 /* Sources */,
				ACA5E9DC25309D80003A9070 /* Frameworks */,
				ACA5E9DD25309D80003A9070 /* Resources */,
			);
			buildRules = (
			);
			dependencies = (
			);
			name = RandomWarzone;
			productName = RandomWarzone;
			productReference = ACA5E9DF25309D80003A9070 /* RandomWarzone.app */;
			productType = "com.apple.product-type.application";
		};
/* End PBXNativeTarget section */

/* Begin PBXProject section */
		ACA5E9D725309D80003A9070 /* Project object */ = {
			isa = PBXProject;
			attributes = {
				LastSwiftUpdateCheck = 1150;
				LastUpgradeCheck = 1150;
				ORGANIZATIONNAME = YannickLawler;
				TargetAttributes = {
					ACA5E9DE25309D80003A9070 = {
						CreatedOnToolsVersion = 11.5;
					};
				};
			};
			buildConfigurationList = ACA5E9DA25309D80003A9070 /* Build configuration list for PBXProject "RandomWarzone" */;
			compatibilityVersion = "Xcode 9.3";
			developmentRegion = en;
			hasScannedForEncodings = 0;
			knownRegions = (
				en,
				Base,
			);
			mainGroup = ACA5E9D625309D80003A9070;
			productRefGroup = ACA5E9E025309D80003A9070 /* Products */;
			projectDirPath = "";
			projectRoot = "";
			targets = (
				ACA5E9DE25309D80003A9070 /* RandomWarzone */,
			);
		};
/* End PBXProject section */

/* Begin PBXResourcesBuildPhase section */
		ACA5E9DD25309D80003A9070 /* Resources */ = {
			isa = PBXResourcesBuildPhase;
			buildActionMask = 2147483647;
			files = (
				ACA5E9F225309D86003A9070 /* LaunchScreen.storyboard in Resources */,
				ACA5EA022530B8E6003A9070 /* WeaponCollectionViewCell.xib in Resources */,
				ACA5EA0A2530B94A003A9070 /* LethalCollectionViewCell.xib in Resources */,
				AC47353E25344E860063594C /* TacticalCollectionViewCell.xib in Resources */,
				ACA5E9EF25309D86003A9070 /* Assets.xcassets in Resources */,
				ACA5E9EA25309D80003A9070 /* Main.storyboard in Resources */,
				ACA5EA0E2530BF67003A9070 /* attachmentCollectionViewCell.xib in Resources */,
				ACA5EA062530B907003A9070 /* PerksCollectionViewCell.xib in Resources */,
			);
			runOnlyForDeploymentPostprocessing = 0;
		};
/* End PBXResourcesBuildPhase section */

/* Begin PBXSourcesBuildPhase section */
		ACA5E9DB25309D80003A9070 /* Sources */ = {
			isa = PBXSourcesBuildPhase;
			buildActionMask = 2147483647;
			files = (
				ACA410C8253208D000D0A7FC /* Shotguns.swift in Sources */,
				ACA410CC253208F100D0A7FC /* MarksmanRifles.swift in Sources */,
				AC595773253329C300C3D395 /* Loadout.swift in Sources */,
				ACA5EA052530B907003A9070 /* PerksCollectionViewCell.swift in Sources */,
				ACA410CE253208FB00D0A7FC /* SniperRifles.swift in Sources */,
				ACA5EA012530B8E6003A9070 /* WeaponCollectionViewCell.swift in Sources */,
				AC47354025346E0F0063594C /* Handguns.swift in Sources */,
				AC47353A253449A00063594C /* TacticalAndLethal.swift in Sources */,
				ACA410C6253208B900D0A7FC /* SMGs.swift in Sources */,
				ACA5EA092530B94A003A9070 /* LethalCollectionViewCell.swift in Sources */,
				ACA410C4253208AA00D0A7FC /* Perks.swift in Sources */,
				ACA5E9E725309D80003A9070 /* ViewController.swift in Sources */,
				ACA410D02532090600D0A7FC /* Melees.swift in Sources */,
				ACA5E9ED25309D80003A9070 /* RandomWarzone.xcdatamodeld in Sources */,
				ACA5EA0D2530BF67003A9070 /* attachmentCollectionViewCell.swift in Sources */,
				AC47353D25344E860063594C /* TacticalCollectionViewCell.swift in Sources */,
				AC295DBF2531AC5D00D7BA6A /* AssaultRifles.swift in Sources */,
				ACA5E9E325309D80003A9070 /* AppDelegate.swift in Sources */,
				ACA5E9FA2530B7EC003A9070 /* GameCollectionViewController.swift in Sources */,
				ACA410CA253208E500D0A7FC /* LMGs.swift in Sources */,
				ACA5E9E525309D80003A9070 /* SceneDelegate.swift in Sources */,
			);
			runOnlyForDeploymentPostprocessing = 0;
		};
/* End PBXSourcesBuildPhase section */

/* Begin PBXVariantGroup section */
		ACA5E9E825309D80003A9070 /* Main.storyboard */ = {
			isa = PBXVariantGroup;
			children = (
				ACA5E9E925309D80003A9070 /* Base */,
			);
			name = Main.storyboard;
			sourceTree = "<group>";
		};
		ACA5E9F025309D86003A9070 /* LaunchScreen.storyboard */ = {
			isa = PBXVariantGroup;
			children = (
				ACA5E9F125309D86003A9070 /* Base */,
			);
			name = LaunchScreen.storyboard;
			sourceTree = "<group>";
		};
/* End PBXVariantGroup section */

/* Begin XCBuildConfiguration section */
		ACA5E9F425309D86003A9070 /* Debug */ = {
			isa = XCBuildConfiguration;
			buildSettings = {
				ALWAYS_SEARCH_USER_PATHS = NO;
				CLANG_ANALYZER_NONNULL = YES;
				CLANG_ANALYZER_NUMBER_OBJECT_CONVERSION = YES_AGGRESSIVE;
				CLANG_CXX_LANGUAGE_STANDARD = "gnu++14";
				CLANG_CXX_LIBRARY = "libc++";
				CLANG_ENABLE_MODULES = YES;
				CLANG_ENABLE_OBJC_ARC = YES;
				CLANG_ENABLE_OBJC_WEAK = YES;
				CLANG_WARN_BLOCK_CAPTURE_AUTORELEASING = YES;
				CLANG_WARN_BOOL_CONVERSION = YES;
				CLANG_WARN_COMMA = YES;
				CLANG_WARN_CONSTANT_CONVERSION = YES;
				CLANG_WARN_DEPRECATED_OBJC_IMPLEMENTATIONS = YES;
				CLANG_WARN_DIRECT_OBJC_ISA_USAGE = YES_ERROR;
				CLANG_WARN_DOCUMENTATION_COMMENTS = YES;
				CLANG_WARN_EMPTY_BODY = YES;
				CLANG_WARN_ENUM_CONVERSION = YES;
				CLANG_WARN_INFINITE_RECURSION = YES;
				CLANG_WARN_INT_CONVERSION = YES;
				CLANG_WARN_NON_LITERAL_NULL_CONVERSION = YES;
				CLANG_WARN_OBJC_IMPLICIT_RETAIN_SELF = YES;
				CLANG_WARN_OBJC_LITERAL_CONVERSION = YES;
				CLANG_WARN_OBJC_ROOT_CLASS = YES_ERROR;
				CLANG_WARN_RANGE_LOOP_ANALYSIS = YES;
				CLANG_WARN_STRICT_PROTOTYPES = YES;
				CLANG_WARN_SUSPICIOUS_MOVE = YES;
				CLANG_WARN_UNGUARDED_AVAILABILITY = YES_AGGRESSIVE;
				CLANG_WARN_UNREACHABLE_CODE = YES;
				CLANG_WARN__DUPLICATE_METHOD_MATCH = YES;
				COPY_PHASE_STRIP = NO;
				DEBUG_INFORMATION_FORMAT = dwarf;
				ENABLE_STRICT_OBJC_MSGSEND = YES;
				ENABLE_TESTABILITY = YES;
				GCC_C_LANGUAGE_STANDARD = gnu11;
				GCC_DYNAMIC_NO_PIC = NO;
				GCC_NO_COMMON_BLOCKS = YES;
				GCC_OPTIMIZATION_LEVEL = 0;
				GCC_PREPROCESSOR_DEFINITIONS = (
					"DEBUG=1",
					"$(inherited)",
				);
				GCC_WARN_64_TO_32_BIT_CONVERSION = YES;
				GCC_WARN_ABOUT_RETURN_TYPE = YES_ERROR;
				GCC_WARN_UNDECLARED_SELECTOR = YES;
				GCC_WARN_UNINITIALIZED_AUTOS = YES_AGGRESSIVE;
				GCC_WARN_UNUSED_FUNCTION = YES;
				GCC_WARN_UNUSED_VARIABLE = YES;
				IPHONEOS_DEPLOYMENT_TARGET = 13.5;
				MTL_ENABLE_DEBUG_INFO = INCLUDE_SOURCE;
				MTL_FAST_MATH = YES;
				ONLY_ACTIVE_ARCH = YES;
				SDKROOT = iphoneos;
				SWIFT_ACTIVE_COMPILATION_CONDITIONS = DEBUG;
				SWIFT_OPTIMIZATION_LEVEL = "-Onone";
			};
			name = Debug;
		};
		ACA5E9F525309D86003A9070 /* Release */ = {
			isa = XCBuildConfiguration;
			buildSettings = {
				ALWAYS_SEARCH_USER_PATHS = NO;
				CLANG_ANALYZER_NONNULL = YES;
				CLANG_ANALYZER_NUMBER_OBJECT_CONVERSION = YES_AGGRESSIVE;
				CLANG_CXX_LANGUAGE_STANDARD = "gnu++14";
				CLANG_CXX_LIBRARY = "libc++";
				CLANG_ENABLE_MODULES = YES;
				CLANG_ENABLE_OBJC_ARC = YES;
				CLANG_ENABLE_OBJC_WEAK = YES;
				CLANG_WARN_BLOCK_CAPTURE_AUTORELEASING = YES;
				CLANG_WARN_BOOL_CONVERSION = YES;
				CLANG_WARN_COMMA = YES;
				CLANG_WARN_CONSTANT_CONVERSION = YES;
				CLANG_WARN_DEPRECATED_OBJC_IMPLEMENTATIONS = YES;
				CLANG_WARN_DIRECT_OBJC_ISA_USAGE = YES_ERROR;
				CLANG_WARN_DOCUMENTATION_COMMENTS = YES;
				CLANG_WARN_EMPTY_BODY = YES;
				CLANG_WARN_ENUM_CONVERSION = YES;
				CLANG_WARN_INFINITE_RECURSION = YES;
				CLANG_WARN_INT_CONVERSION = YES;
				CLANG_WARN_NON_LITERAL_NULL_CONVERSION = YES;
				CLANG_WARN_OBJC_IMPLICIT_RETAIN_SELF = YES;
				CLANG_WARN_OBJC_LITERAL_CONVERSION = YES;
				CLANG_WARN_OBJC_ROOT_CLASS = YES_ERROR;
				CLANG_WARN_RANGE_LOOP_ANALYSIS = YES;
				CLANG_WARN_STRICT_PROTOTYPES = YES;
				CLANG_WARN_SUSPICIOUS_MOVE = YES;
				CLANG_WARN_UNGUARDED_AVAILABILITY = YES_AGGRESSIVE;
				CLANG_WARN_UNREACHABLE_CODE = YES;
				CLANG_WARN__DUPLICATE_METHOD_MATCH = YES;
				COPY_PHASE_STRIP = NO;
				DEBUG_INFORMATION_FORMAT = "dwarf-with-dsym";
				ENABLE_NS_ASSERTIONS = NO;
				ENABLE_STRICT_OBJC_MSGSEND = YES;
				GCC_C_LANGUAGE_STANDARD = gnu11;
				GCC_NO_COMMON_BLOCKS = YES;
				GCC_WARN_64_TO_32_BIT_CONVERSION = YES;
				GCC_WARN_ABOUT_RETURN_TYPE = YES_ERROR;
				GCC_WARN_UNDECLARED_SELECTOR = YES;
				GCC_WARN_UNINITIALIZED_AUTOS = YES_AGGRESSIVE;
				GCC_WARN_UNUSED_FUNCTION = YES;
				GCC_WARN_UNUSED_VARIABLE = YES;
				IPHONEOS_DEPLOYMENT_TARGET = 13.5;
				MTL_ENABLE_DEBUG_INFO = NO;
				MTL_FAST_MATH = YES;
				SDKROOT = iphoneos;
				SWIFT_COMPILATION_MODE = wholemodule;
				SWIFT_OPTIMIZATION_LEVEL = "-O";
				VALIDATE_PRODUCT = YES;
			};
			name = Release;
		};
		ACA5E9F725309D86003A9070 /* Debug */ = {
			isa = XCBuildConfiguration;
			buildSettings = {
				ASSETCATALOG_COMPILER_APPICON_NAME = AppIcon;
				CODE_SIGN_STYLE = Automatic;
				DEVELOPMENT_TEAM = 2C676ZXQLR;
				INFOPLIST_FILE = RandomWarzone/Info.plist;
				LD_RUNPATH_SEARCH_PATHS = (
					"$(inherited)",
					"@executable_path/Frameworks",
				);
				PRODUCT_BUNDLE_IDENTIFIER = ylawer.RandomWarzone;
				PRODUCT_NAME = "$(TARGET_NAME)";
				SWIFT_VERSION = 5.0;
				TARGETED_DEVICE_FAMILY = "1,2";
			};
			name = Debug;
		};
		ACA5E9F825309D86003A9070 /* Release */ = {
			isa = XCBuildConfiguration;
			buildSettings = {
				ASSETCATALOG_COMPILER_APPICON_NAME = AppIcon;
				CODE_SIGN_STYLE = Automatic;
				DEVELOPMENT_TEAM = 2C676ZXQLR;
				INFOPLIST_FILE = RandomWarzone/Info.plist;
				LD_RUNPATH_SEARCH_PATHS = (
					"$(inherited)",
					"@executable_path/Frameworks",
				);
				PRODUCT_BUNDLE_IDENTIFIER = ylawer.RandomWarzone;
				PRODUCT_NAME = "$(TARGET_NAME)";
				SWIFT_VERSION = 5.0;
				TARGETED_DEVICE_FAMILY = "1,2";
			};
			name = Release;
		};
/* End XCBuildConfiguration section */

/* Begin XCConfigurationList section */
		ACA5E9DA25309D80003A9070 /* Build configuration list for PBXProject "RandomWarzone" */ = {
			isa = XCConfigurationList;
			buildConfigurations = (
				ACA5E9F425309D86003A9070 /* Debug */,
				ACA5E9F525309D86003A9070 /* Release */,
			);
			defaultConfigurationIsVisible = 0;
			defaultConfigurationName = Release;
		};
		ACA5E9F625309D86003A9070 /* Build configuration list for PBXNativeTarget "RandomWarzone" */ = {
			isa = XCConfigurationList;
			buildConfigurations = (
				ACA5E9F725309D86003A9070 /* Debug */,
				ACA5E9F825309D86003A9070 /* Release */,
			);
			defaultConfigurationIsVisible = 0;
			defaultConfigurationName = Release;
		};
/* End XCConfigurationList section */

/* Begin XCVersionGroup section */
		ACA5E9EB25309D80003A9070 /* RandomWarzone.xcdatamodeld */ = {
			isa = XCVersionGroup;
			children = (
				ACA5E9EC25309D80003A9070 /* RandomWarzone.xcdatamodel */,
			);
			currentVersion = ACA5E9EC25309D80003A9070 /* RandomWarzone.xcdatamodel */;
			path = RandomWarzone.xcdatamodeld;
			sourceTree = "<group>";
			versionGroupType = wrapper.xcdatamodel;
		};
/* End XCVersionGroup section */
	};
	rootObject = ACA5E9D725309D80003A9070 /* Project object */;
}
